// !$*UTF8*$!
{
	archiveVersion = 1;
	classes = {
	};
	objectVersion = 46;
	objects = {

/* Begin PBXBuildFile section */
		14A70EF51757016300CDB10C /* A1.aif in Resources */ = {isa = PBXBuildFile; fileRef = 14A70E9E1757016300CDB10C /* A1.aif */; };
		14A70EF61757016300CDB10C /* alarm01.aif in Resources */ = {isa = PBXBuildFile; fileRef = 14A70E9F1757016300CDB10C /* alarm01.aif */; };
		14A70EF71757016300CDB10C /* alarm06.aif in Resources */ = {isa = PBXBuildFile; fileRef = 14A70EA01757016300CDB10C /* alarm06.aif */; };
		14A70EF81757016300CDB10C /* alarm12.aif in Resources */ = {isa = PBXBuildFile; fileRef = 14A70EA11757016300CDB10C /* alarm12.aif */; };
		14A70EF91757016300CDB10C /* alarm13.aif in Resources */ = {isa = PBXBuildFile; fileRef = 14A70EA21757016300CDB10C /* alarm13.aif */; };
		14A70EFA1757016300CDB10C /* alarm14.aif in Resources */ = {isa = PBXBuildFile; fileRef = 14A70EA31757016300CDB10C /* alarm14.aif */; };
		14A70EFB1757016300CDB10C /* alarm23.aif in Resources */ = {isa = PBXBuildFile; fileRef = 14A70EA41757016300CDB10C /* alarm23.aif */; };
		14A70EFC1757016300CDB10C /* alarm24.aif in Resources */ = {isa = PBXBuildFile; fileRef = 14A70EA51757016300CDB10C /* alarm24.aif */; };
		14A70EFD1757016300CDB10C /* alarm27.aif in Resources */ = {isa = PBXBuildFile; fileRef = 14A70EA61757016300CDB10C /* alarm27.aif */; };
		14A70EFE1757016300CDB10C /* Asharp1.aif in Resources */ = {isa = PBXBuildFile; fileRef = 14A70EA71757016300CDB10C /* Asharp1.aif */; };
		14A70EFF1757016300CDB10C /* AttackNoize.aif in Resources */ = {isa = PBXBuildFile; fileRef = 14A70EA81757016300CDB10C /* AttackNoize.aif */; };
		14A70F001757016300CDB10C /* B1.aif in Resources */ = {isa = PBXBuildFile; fileRef = 14A70EA91757016300CDB10C /* B1.aif */; };
		14A70F011757016300CDB10C /* beat21.aif in Resources */ = {isa = PBXBuildFile; fileRef = 14A70EAA1757016300CDB10C /* beat21.aif */; };
		14A70F021757016300CDB10C /* beat22.aif in Resources */ = {isa = PBXBuildFile; fileRef = 14A70EAB1757016300CDB10C /* beat22.aif */; };
		14A70F031757016300CDB10C /* beat23.aif in Resources */ = {isa = PBXBuildFile; fileRef = 14A70EAC1757016300CDB10C /* beat23.aif */; };
		14A70F041757016300CDB10C /* beat24.aif in Resources */ = {isa = PBXBuildFile; fileRef = 14A70EAD1757016300CDB10C /* beat24.aif */; };
		14A70F051757016300CDB10C /* beat25.aif in Resources */ = {isa = PBXBuildFile; fileRef = 14A70EAE1757016300CDB10C /* beat25.aif */; };
		14A70F061757016300CDB10C /* beat26.aif in Resources */ = {isa = PBXBuildFile; fileRef = 14A70EAF1757016300CDB10C /* beat26.aif */; };
		14A70F071757016300CDB10C /* beat27.aif in Resources */ = {isa = PBXBuildFile; fileRef = 14A70EB01757016300CDB10C /* beat27.aif */; };
		14A70F081757016300CDB10C /* beat28.aif in Resources */ = {isa = PBXBuildFile; fileRef = 14A70EB11757016300CDB10C /* beat28.aif */; };
		14A70F091757016300CDB10C /* beat29.aif in Resources */ = {isa = PBXBuildFile; fileRef = 14A70EB21757016300CDB10C /* beat29.aif */; };
		14A70F0A1757016300CDB10C /* beat30.aif in Resources */ = {isa = PBXBuildFile; fileRef = 14A70EB31757016300CDB10C /* beat30.aif */; };
		14A70F0B1757016300CDB10C /* beat31.aif in Resources */ = {isa = PBXBuildFile; fileRef = 14A70EB41757016300CDB10C /* beat31.aif */; };
		14A70F0C1757016300CDB10C /* beat32.aif in Resources */ = {isa = PBXBuildFile; fileRef = 14A70EB51757016300CDB10C /* beat32.aif */; };
		14A70F0D1757016300CDB10C /* beat33.aif in Resources */ = {isa = PBXBuildFile; fileRef = 14A70EB61757016300CDB10C /* beat33.aif */; };
		14A70F0E1757016300CDB10C /* beat34.aif in Resources */ = {isa = PBXBuildFile; fileRef = 14A70EB71757016300CDB10C /* beat34.aif */; };
		14A70F0F1757016300CDB10C /* beat35.aif in Resources */ = {isa = PBXBuildFile; fileRef = 14A70EB81757016300CDB10C /* beat35.aif */; };
		14A70F101757016300CDB10C /* beat36.aif in Resources */ = {isa = PBXBuildFile; fileRef = 14A70EB91757016300CDB10C /* beat36.aif */; };
		14A70F111757016300CDB10C /* beat37.aif in Resources */ = {isa = PBXBuildFile; fileRef = 14A70EBA1757016300CDB10C /* beat37.aif */; };
		14A70F121757016300CDB10C /* beat38.aif in Resources */ = {isa = PBXBuildFile; fileRef = 14A70EBB1757016300CDB10C /* beat38.aif */; };
		14A70F131757016300CDB10C /* beat39.aif in Resources */ = {isa = PBXBuildFile; fileRef = 14A70EBC1757016300CDB10C /* beat39.aif */; };
		14A70F141757016300CDB10C /* beat40.aif in Resources */ = {isa = PBXBuildFile; fileRef = 14A70EBD1757016300CDB10C /* beat40.aif */; };
		14A70F151757016300CDB10C /* C2.aif in Resources */ = {isa = PBXBuildFile; fileRef = 14A70EBE1757016300CDB10C /* C2.aif */; };
		14A70F161757016300CDB10C /* club001.aif in Resources */ = {isa = PBXBuildFile; fileRef = 14A70EBF1757016300CDB10C /* club001.aif */; };
		14A70F171757016300CDB10C /* club002.aif in Resources */ = {isa = PBXBuildFile; fileRef = 14A70EC01757016300CDB10C /* club002.aif */; };
		14A70F181757016300CDB10C /* club003.aif in Resources */ = {isa = PBXBuildFile; fileRef = 14A70EC11757016300CDB10C /* club003.aif */; };
		14A70F191757016300CDB10C /* club004.aif in Resources */ = {isa = PBXBuildFile; fileRef = 14A70EC21757016300CDB10C /* club004.aif */; };
		14A70F1A1757016300CDB10C /* club005.aif in Resources */ = {isa = PBXBuildFile; fileRef = 14A70EC31757016300CDB10C /* club005.aif */; };
		14A70F1B1757016300CDB10C /* club006.aif in Resources */ = {isa = PBXBuildFile; fileRef = 14A70EC41757016300CDB10C /* club006.aif */; };
		14A70F1C1757016300CDB10C /* club007.aif in Resources */ = {isa = PBXBuildFile; fileRef = 14A70EC51757016300CDB10C /* club007.aif */; };
		14A70F1D1757016300CDB10C /* club008.aif in Resources */ = {isa = PBXBuildFile; fileRef = 14A70EC61757016300CDB10C /* club008.aif */; };
		14A70F1E1757016300CDB10C /* club009.aif in Resources */ = {isa = PBXBuildFile; fileRef = 14A70EC71757016300CDB10C /* club009.aif */; };
		14A70F1F1757016300CDB10C /* club010.aif in Resources */ = {isa = PBXBuildFile; fileRef = 14A70EC81757016300CDB10C /* club010.aif */; };
		14A70F201757016300CDB10C /* club011.aif in Resources */ = {isa = PBXBuildFile; fileRef = 14A70EC91757016300CDB10C /* club011.aif */; };
		14A70F211757016300CDB10C /* club012.aif in Resources */ = {isa = PBXBuildFile; fileRef = 14A70ECA1757016300CDB10C /* club012.aif */; };
		14A70F221757016300CDB10C /* club013.aif in Resources */ = {isa = PBXBuildFile; fileRef = 14A70ECB1757016300CDB10C /* club013.aif */; };
		14A70F231757016300CDB10C /* club014.aif in Resources */ = {isa = PBXBuildFile; fileRef = 14A70ECC1757016300CDB10C /* club014.aif */; };
		14A70F241757016300CDB10C /* club015.aif in Resources */ = {isa = PBXBuildFile; fileRef = 14A70ECD1757016300CDB10C /* club015.aif */; };
		14A70F251757016300CDB10C /* club016.aif in Resources */ = {isa = PBXBuildFile; fileRef = 14A70ECE1757016300CDB10C /* club016.aif */; };
		14A70F261757016300CDB10C /* club017.aif in Resources */ = {isa = PBXBuildFile; fileRef = 14A70ECF1757016300CDB10C /* club017.aif */; };
		14A70F271757016300CDB10C /* club018.aif in Resources */ = {isa = PBXBuildFile; fileRef = 14A70ED01757016300CDB10C /* club018.aif */; };
		14A70F281757016300CDB10C /* club019.aif in Resources */ = {isa = PBXBuildFile; fileRef = 14A70ED11757016300CDB10C /* club019.aif */; };
		14A70F291757016300CDB10C /* club020.aif in Resources */ = {isa = PBXBuildFile; fileRef = 14A70ED21757016300CDB10C /* club020.aif */; };
		14A70F2A1757016300CDB10C /* crash08.aif in Resources */ = {isa = PBXBuildFile; fileRef = 14A70ED31757016300CDB10C /* crash08.aif */; };
		14A70F2B1757016300CDB10C /* crash10.aif in Resources */ = {isa = PBXBuildFile; fileRef = 14A70ED41757016300CDB10C /* crash10.aif */; };
		14A70F2C1757016300CDB10C /* crash26.aif in Resources */ = {isa = PBXBuildFile; fileRef = 14A70ED51757016300CDB10C /* crash26.aif */; };
		14A70F2D1757016300CDB10C /* crash30.aif in Resources */ = {isa = PBXBuildFile; fileRef = 14A70ED61757016300CDB10C /* crash30.aif */; };
		14A70F2E1757016300CDB10C /* Csharp2.aif in Resources */ = {isa = PBXBuildFile; fileRef = 14A70ED71757016300CDB10C /* Csharp2.aif */; };
		14A70F2F1757016300CDB10C /* D2.aif in Resources */ = {isa = PBXBuildFile; fileRef = 14A70ED81757016300CDB10C /* D2.aif */; };
		14A70F301757016300CDB10C /* Dsharp2.aif in Resources */ = {isa = PBXBuildFile; fileRef = 14A70ED91757016300CDB10C /* Dsharp2.aif */; };
		14A70F311757016300CDB10C /* E2.aif in Resources */ = {isa = PBXBuildFile; fileRef = 14A70EDA1757016300CDB10C /* E2.aif */; };
		14A70F321757016300CDB10C /* F1.aif in Resources */ = {isa = PBXBuildFile; fileRef = 14A70EDB1757016300CDB10C /* F1.aif */; };
		14A70F331757016300CDB10C /* F2.aif in Resources */ = {isa = PBXBuildFile; fileRef = 14A70EDC1757016300CDB10C /* F2.aif */; };
		14A70F341757016300CDB10C /* Fsharp1.aif in Resources */ = {isa = PBXBuildFile; fileRef = 14A70EDD1757016300CDB10C /* Fsharp1.aif */; };
		14A70F351757016300CDB10C /* G1.aif in Resources */ = {isa = PBXBuildFile; fileRef = 14A70EDE1757016300CDB10C /* G1.aif */; };
		14A70F361757016300CDB10C /* Gsharp1.aif in Resources */ = {isa = PBXBuildFile; fileRef = 14A70EDF1757016300CDB10C /* Gsharp1.aif */; };
		14A70F371757016300CDB10C /* scratch11.aif in Resources */ = {isa = PBXBuildFile; fileRef = 14A70EE01757016300CDB10C /* scratch11.aif */; };
		14A70F381757016300CDB10C /* scratch12.aif in Resources */ = {isa = PBXBuildFile; fileRef = 14A70EE11757016300CDB10C /* scratch12.aif */; };
		14A70F391757016300CDB10C /* scratch14.aif in Resources */ = {isa = PBXBuildFile; fileRef = 14A70EE21757016300CDB10C /* scratch14.aif */; };
		14A70F3A1757016300CDB10C /* scratch17.aif in Resources */ = {isa = PBXBuildFile; fileRef = 14A70EE31757016300CDB10C /* scratch17.aif */; };
		14A70F3B1757016300CDB10C /* scratch18.aif in Resources */ = {isa = PBXBuildFile; fileRef = 14A70EE41757016300CDB10C /* scratch18.aif */; };
		14A70F3C1757016300CDB10C /* scratch20.aif in Resources */ = {isa = PBXBuildFile; fileRef = 14A70EE51757016300CDB10C /* scratch20.aif */; };
		14A70F3D1757016300CDB10C /* scratch25.aif in Resources */ = {isa = PBXBuildFile; fileRef = 14A70EE61757016300CDB10C /* scratch25.aif */; };
		14A70F3E1757016300CDB10C /* scratch38.aif in Resources */ = {isa = PBXBuildFile; fileRef = 14A70EE71757016300CDB10C /* scratch38.aif */; };
		14A70F3F1757016300CDB10C /* special.aif in Resources */ = {isa = PBXBuildFile; fileRef = 14A70EE81757016300CDB10C /* special.aif */; };
		14A70F401757016300CDB10C /* Synth023.aif in Resources */ = {isa = PBXBuildFile; fileRef = 14A70EE91757016300CDB10C /* Synth023.aif */; };
		14A70F411757016300CDB10C /* Synth027.aif in Resources */ = {isa = PBXBuildFile; fileRef = 14A70EEA1757016300CDB10C /* Synth027.aif */; };
		14A70F421757016300CDB10C /* Synth030.aif in Resources */ = {isa = PBXBuildFile; fileRef = 14A70EEB1757016300CDB10C /* Synth030.aif */; };
		14A70F431757016300CDB10C /* Synth031.aif in Resources */ = {isa = PBXBuildFile; fileRef = 14A70EEC1757016300CDB10C /* Synth031.aif */; };
		14A70F441757016300CDB10C /* Synth032.aif in Resources */ = {isa = PBXBuildFile; fileRef = 14A70EED1757016300CDB10C /* Synth032.aif */; };
		14A70F451757016300CDB10C /* Synth033.aif in Resources */ = {isa = PBXBuildFile; fileRef = 14A70EEE1757016300CDB10C /* Synth033.aif */; };
		14A70F461757016300CDB10C /* Synth034.aif in Resources */ = {isa = PBXBuildFile; fileRef = 14A70EEF1757016300CDB10C /* Synth034.aif */; };
		14A70F471757016300CDB10C /* Synth035.aif in Resources */ = {isa = PBXBuildFile; fileRef = 14A70EF01757016300CDB10C /* Synth035.aif */; };
		14A70F481757016300CDB10C /* Synth036.aif in Resources */ = {isa = PBXBuildFile; fileRef = 14A70EF11757016300CDB10C /* Synth036.aif */; };
		14A70F491757016300CDB10C /* synthB.aif in Resources */ = {isa = PBXBuildFile; fileRef = 14A70EF21757016300CDB10C /* synthB.aif */; };
		14A70F4A1757016300CDB10C /* synthC.aif in Resources */ = {isa = PBXBuildFile; fileRef = 14A70EF31757016300CDB10C /* synthC.aif */; };
		14A70F4B1757016300CDB10C /* synthDsharp.aif in Resources */ = {isa = PBXBuildFile; fileRef = 14A70EF41757016300CDB10C /* synthDsharp.aif */; };
		21297AE617343FC40089BAD8 /* MUS147View.m in Sources */ = {isa = PBXBuildFile; fileRef = 21297AE517343FC40089BAD8 /* MUS147View.m */; };
		212CCF71174E742700F8ADA6 /* CoreLocation.framework in Frameworks */ = {isa = PBXBuildFile; fileRef = 212CCF70174E742700F8ADA6 /* CoreLocation.framework */; };
		2149E6AD17357B6F00734894 /* MUS147Effect_Delay.m in Sources */ = {isa = PBXBuildFile; fileRef = 2149E6AC17357B6F00734894 /* MUS147Effect_Delay.m */; };
		2149E6B117357BD500734894 /* MUS147Effect_Limiter.m in Sources */ = {isa = PBXBuildFile; fileRef = 2149E6B017357BD500734894 /* MUS147Effect_Limiter.m */; };
		2158C830173AF7F300F2263B /* MUS147Voice_BLIT.m in Sources */ = {isa = PBXBuildFile; fileRef = 2158C82D173AF7F300F2263B /* MUS147Voice_BLIT.m */; };
		2158C831173AF7F300F2263B /* MUS147Voice_BLITSaw.m in Sources */ = {isa = PBXBuildFile; fileRef = 2158C82F173AF7F300F2263B /* MUS147Voice_BLITSaw.m */; };
		215C4BFA17107CC50095C74C /* AudioToolbox.framework in Frameworks */ = {isa = PBXBuildFile; fileRef = 215C4BF917107CC50095C74C /* AudioToolbox.framework */; };
		215C4C0217107E360095C74C /* MUS147AQPlayer.m in Sources */ = {isa = PBXBuildFile; fileRef = 215C4C0117107E360095C74C /* MUS147AQPlayer.m */; };
		216E863D1747DE5000670512 /* MUS147Event_Note.m in Sources */ = {isa = PBXBuildFile; fileRef = 216E863C1747DE5000670512 /* MUS147Event_Note.m */; };
		216E864517480DD600670512 /* MUS147AQRecorder.m in Sources */ = {isa = PBXBuildFile; fileRef = 216E864417480DD600670512 /* MUS147AQRecorder.m */; };
		216E864D17481A7000670512 /* MUS147Voice_Sample_Mem.m in Sources */ = {isa = PBXBuildFile; fileRef = 216E864C17481A7000670512 /* MUS147Voice_Sample_Mem.m */; };
		216E865117481B3200670512 /* MUS147Voice_Sample_SF.m in Sources */ = {isa = PBXBuildFile; fileRef = 216E865017481B3200670512 /* MUS147Voice_Sample_SF.m */; };
		216E86581749882100670512 /* MUS147Effect_BiQuad.m in Sources */ = {isa = PBXBuildFile; fileRef = 216E86571749882100670512 /* MUS147Effect_BiQuad.m */; };
		218E9DC8170FDEDA00306268 /* UIKit.framework in Frameworks */ = {isa = PBXBuildFile; fileRef = 218E9DC7170FDEDA00306268 /* UIKit.framework */; };
		218E9DCA170FDEDA00306268 /* Foundation.framework in Frameworks */ = {isa = PBXBuildFile; fileRef = 218E9DC9170FDEDA00306268 /* Foundation.framework */; };
		218E9DCC170FDEDA00306268 /* CoreGraphics.framework in Frameworks */ = {isa = PBXBuildFile; fileRef = 218E9DCB170FDEDA00306268 /* CoreGraphics.framework */; };
		218E9DD2170FDEDA00306268 /* InfoPlist.strings in Resources */ = {isa = PBXBuildFile; fileRef = 218E9DD0170FDEDA00306268 /* InfoPlist.strings */; };
		218E9DD4170FDEDA00306268 /* main.m in Sources */ = {isa = PBXBuildFile; fileRef = 218E9DD3170FDEDA00306268 /* main.m */; };
		218E9DD8170FDEDA00306268 /* MUS147AppDelegate.m in Sources */ = {isa = PBXBuildFile; fileRef = 218E9DD7170FDEDA00306268 /* MUS147AppDelegate.m */; };
		218E9DDA170FDEDA00306268 /* Default.png in Resources */ = {isa = PBXBuildFile; fileRef = 218E9DD9170FDEDA00306268 /* Default.png */; };
		218E9DDC170FDEDA00306268 /* Default@2x.png in Resources */ = {isa = PBXBuildFile; fileRef = 218E9DDB170FDEDA00306268 /* Default@2x.png */; };
		218E9DDE170FDEDA00306268 /* Default-568h@2x.png in Resources */ = {isa = PBXBuildFile; fileRef = 218E9DDD170FDEDA00306268 /* Default-568h@2x.png */; };
		218E9DE1170FDEDA00306268 /* MUS147ViewController.m in Sources */ = {isa = PBXBuildFile; fileRef = 218E9DE0170FDEDA00306268 /* MUS147ViewController.m */; };
		218E9DE4170FDEDA00306268 /* MUS147ViewController.xib in Resources */ = {isa = PBXBuildFile; fileRef = 218E9DE2170FDEDA00306268 /* MUS147ViewController.xib */; };
		2196FF041754FFE50017BC48 /* MUS147Envelope.m in Sources */ = {isa = PBXBuildFile; fileRef = 2196FF031754FFE50017BC48 /* MUS147Envelope.m */; };
		219D448917344C7000A6A28F /* MUS147Effect.m in Sources */ = {isa = PBXBuildFile; fileRef = 219D448817344C7000A6A28F /* MUS147Effect.m */; };
		21BD98DD172B0D6D00BFFBA6 /* MUS147Voice.m in Sources */ = {isa = PBXBuildFile; fileRef = 21BD98DC172B0D6D00BFFBA6 /* MUS147Voice.m */; };
		21BD98E1172B1DA000BFFBA6 /* MUS147Voice_Synth.m in Sources */ = {isa = PBXBuildFile; fileRef = 21BD98E0172B1DA000BFFBA6 /* MUS147Voice_Synth.m */; };
		21BD98E5172B1F2700BFFBA6 /* MUS147Voice_Sample.m in Sources */ = {isa = PBXBuildFile; fileRef = 21BD98E3172B1F2600BFFBA6 /* MUS147Voice_Sample.m */; };
		21BD98E6172B1F2700BFFBA6 /* Music147.aif in Resources */ = {isa = PBXBuildFile; fileRef = 21BD98E4172B1F2600BFFBA6 /* Music147.aif */; };
		21C078F91746AF8800FBB7BA /* MUS147Event_Touch.m in Sources */ = {isa = PBXBuildFile; fileRef = 21C078F81746AF8800FBB7BA /* MUS147Event_Touch.m */; };
		E9B92E35173B22B10014404F /* MUS147Event.m in Sources */ = {isa = PBXBuildFile; fileRef = E9B92E30173B22B10014404F /* MUS147Event.m */; };
		E9B92E36173B22B10014404F /* MUS147Sequence.m in Sources */ = {isa = PBXBuildFile; fileRef = E9B92E32173B22B10014404F /* MUS147Sequence.m */; };
		E9B92E37173B22B10014404F /* MUS147Sequencer.m in Sources */ = {isa = PBXBuildFile; fileRef = E9B92E34173B22B10014404F /* MUS147Sequencer.m */; };
/* End PBXBuildFile section */

/* Begin PBXFileReference section */
		14A70E9E1757016300CDB10C /* A1.aif */ = {isa = PBXFileReference; lastKnownFileType = file; name = A1.aif; path = "AIFF samples/A1.aif"; sourceTree = "<group>"; };
		14A70E9F1757016300CDB10C /* alarm01.aif */ = {isa = PBXFileReference; lastKnownFileType = file; name = alarm01.aif; path = "AIFF samples/alarm01.aif"; sourceTree = "<group>"; };
		14A70EA01757016300CDB10C /* alarm06.aif */ = {isa = PBXFileReference; lastKnownFileType = file; name = alarm06.aif; path = "AIFF samples/alarm06.aif"; sourceTree = "<group>"; };
		14A70EA11757016300CDB10C /* alarm12.aif */ = {isa = PBXFileReference; lastKnownFileType = file; name = alarm12.aif; path = "AIFF samples/alarm12.aif"; sourceTree = "<group>"; };
		14A70EA21757016300CDB10C /* alarm13.aif */ = {isa = PBXFileReference; lastKnownFileType = file; name = alarm13.aif; path = "AIFF samples/alarm13.aif"; sourceTree = "<group>"; };
		14A70EA31757016300CDB10C /* alarm14.aif */ = {isa = PBXFileReference; lastKnownFileType = file; name = alarm14.aif; path = "AIFF samples/alarm14.aif"; sourceTree = "<group>"; };
		14A70EA41757016300CDB10C /* alarm23.aif */ = {isa = PBXFileReference; lastKnownFileType = file; name = alarm23.aif; path = "AIFF samples/alarm23.aif"; sourceTree = "<group>"; };
		14A70EA51757016300CDB10C /* alarm24.aif */ = {isa = PBXFileReference; lastKnownFileType = file; name = alarm24.aif; path = "AIFF samples/alarm24.aif"; sourceTree = "<group>"; };
		14A70EA61757016300CDB10C /* alarm27.aif */ = {isa = PBXFileReference; lastKnownFileType = file; name = alarm27.aif; path = "AIFF samples/alarm27.aif"; sourceTree = "<group>"; };
		14A70EA71757016300CDB10C /* Asharp1.aif */ = {isa = PBXFileReference; lastKnownFileType = file; name = Asharp1.aif; path = "AIFF samples/Asharp1.aif"; sourceTree = "<group>"; };
		14A70EA81757016300CDB10C /* AttackNoize.aif */ = {isa = PBXFileReference; lastKnownFileType = file; name = AttackNoize.aif; path = "AIFF samples/AttackNoize.aif"; sourceTree = "<group>"; };
		14A70EA91757016300CDB10C /* B1.aif */ = {isa = PBXFileReference; lastKnownFileType = file; name = B1.aif; path = "AIFF samples/B1.aif"; sourceTree = "<group>"; };
		14A70EAA1757016300CDB10C /* beat21.aif */ = {isa = PBXFileReference; lastKnownFileType = file; name = beat21.aif; path = "AIFF samples/beat21.aif"; sourceTree = "<group>"; };
		14A70EAB1757016300CDB10C /* beat22.aif */ = {isa = PBXFileReference; lastKnownFileType = file; name = beat22.aif; path = "AIFF samples/beat22.aif"; sourceTree = "<group>"; };
		14A70EAC1757016300CDB10C /* beat23.aif */ = {isa = PBXFileReference; lastKnownFileType = file; name = beat23.aif; path = "AIFF samples/beat23.aif"; sourceTree = "<group>"; };
		14A70EAD1757016300CDB10C /* beat24.aif */ = {isa = PBXFileReference; lastKnownFileType = file; name = beat24.aif; path = "AIFF samples/beat24.aif"; sourceTree = "<group>"; };
		14A70EAE1757016300CDB10C /* beat25.aif */ = {isa = PBXFileReference; lastKnownFileType = file; name = beat25.aif; path = "AIFF samples/beat25.aif"; sourceTree = "<group>"; };
		14A70EAF1757016300CDB10C /* beat26.aif */ = {isa = PBXFileReference; lastKnownFileType = file; name = beat26.aif; path = "AIFF samples/beat26.aif"; sourceTree = "<group>"; };
		14A70EB01757016300CDB10C /* beat27.aif */ = {isa = PBXFileReference; lastKnownFileType = file; name = beat27.aif; path = "AIFF samples/beat27.aif"; sourceTree = "<group>"; };
		14A70EB11757016300CDB10C /* beat28.aif */ = {isa = PBXFileReference; lastKnownFileType = file; name = beat28.aif; path = "AIFF samples/beat28.aif"; sourceTree = "<group>"; };
		14A70EB21757016300CDB10C /* beat29.aif */ = {isa = PBXFileReference; lastKnownFileType = file; name = beat29.aif; path = "AIFF samples/beat29.aif"; sourceTree = "<group>"; };
		14A70EB31757016300CDB10C /* beat30.aif */ = {isa = PBXFileReference; lastKnownFileType = file; name = beat30.aif; path = "AIFF samples/beat30.aif"; sourceTree = "<group>"; };
		14A70EB41757016300CDB10C /* beat31.aif */ = {isa = PBXFileReference; lastKnownFileType = file; name = beat31.aif; path = "AIFF samples/beat31.aif"; sourceTree = "<group>"; };
		14A70EB51757016300CDB10C /* beat32.aif */ = {isa = PBXFileReference; lastKnownFileType = file; name = beat32.aif; path = "AIFF samples/beat32.aif"; sourceTree = "<group>"; };
		14A70EB61757016300CDB10C /* beat33.aif */ = {isa = PBXFileReference; lastKnownFileType = file; name = beat33.aif; path = "AIFF samples/beat33.aif"; sourceTree = "<group>"; };
		14A70EB71757016300CDB10C /* beat34.aif */ = {isa = PBXFileReference; lastKnownFileType = file; name = beat34.aif; path = "AIFF samples/beat34.aif"; sourceTree = "<group>"; };
		14A70EB81757016300CDB10C /* beat35.aif */ = {isa = PBXFileReference; lastKnownFileType = file; name = beat35.aif; path = "AIFF samples/beat35.aif"; sourceTree = "<group>"; };
		14A70EB91757016300CDB10C /* beat36.aif */ = {isa = PBXFileReference; lastKnownFileType = file; name = beat36.aif; path = "AIFF samples/beat36.aif"; sourceTree = "<group>"; };
		14A70EBA1757016300CDB10C /* beat37.aif */ = {isa = PBXFileReference; lastKnownFileType = file; name = beat37.aif; path = "AIFF samples/beat37.aif"; sourceTree = "<group>"; };
		14A70EBB1757016300CDB10C /* beat38.aif */ = {isa = PBXFileReference; lastKnownFileType = file; name = beat38.aif; path = "AIFF samples/beat38.aif"; sourceTree = "<group>"; };
		14A70EBC1757016300CDB10C /* beat39.aif */ = {isa = PBXFileReference; lastKnownFileType = file; name = beat39.aif; path = "AIFF samples/beat39.aif"; sourceTree = "<group>"; };
		14A70EBD1757016300CDB10C /* beat40.aif */ = {isa = PBXFileReference; lastKnownFileType = file; name = beat40.aif; path = "AIFF samples/beat40.aif"; sourceTree = "<group>"; };
		14A70EBE1757016300CDB10C /* C2.aif */ = {isa = PBXFileReference; lastKnownFileType = file; name = C2.aif; path = "AIFF samples/C2.aif"; sourceTree = "<group>"; };
		14A70EBF1757016300CDB10C /* club001.aif */ = {isa = PBXFileReference; lastKnownFileType = file; name = club001.aif; path = "AIFF samples/club001.aif"; sourceTree = "<group>"; };
		14A70EC01757016300CDB10C /* club002.aif */ = {isa = PBXFileReference; lastKnownFileType = file; name = club002.aif; path = "AIFF samples/club002.aif"; sourceTree = "<group>"; };
		14A70EC11757016300CDB10C /* club003.aif */ = {isa = PBXFileReference; lastKnownFileType = file; name = club003.aif; path = "AIFF samples/club003.aif"; sourceTree = "<group>"; };
		14A70EC21757016300CDB10C /* club004.aif */ = {isa = PBXFileReference; lastKnownFileType = file; name = club004.aif; path = "AIFF samples/club004.aif"; sourceTree = "<group>"; };
		14A70EC31757016300CDB10C /* club005.aif */ = {isa = PBXFileReference; lastKnownFileType = file; name = club005.aif; path = "AIFF samples/club005.aif"; sourceTree = "<group>"; };
		14A70EC41757016300CDB10C /* club006.aif */ = {isa = PBXFileReference; lastKnownFileType = file; name = club006.aif; path = "AIFF samples/club006.aif"; sourceTree = "<group>"; };
		14A70EC51757016300CDB10C /* club007.aif */ = {isa = PBXFileReference; lastKnownFileType = file; name = club007.aif; path = "AIFF samples/club007.aif"; sourceTree = "<group>"; };
		14A70EC61757016300CDB10C /* club008.aif */ = {isa = PBXFileReference; lastKnownFileType = file; name = club008.aif; path = "AIFF samples/club008.aif"; sourceTree = "<group>"; };
		14A70EC71757016300CDB10C /* club009.aif */ = {isa = PBXFileReference; lastKnownFileType = file; name = club009.aif; path = "AIFF samples/club009.aif"; sourceTree = "<group>"; };
		14A70EC81757016300CDB10C /* club010.aif */ = {isa = PBXFileReference; lastKnownFileType = file; name = club010.aif; path = "AIFF samples/club010.aif"; sourceTree = "<group>"; };
		14A70EC91757016300CDB10C /* club011.aif */ = {isa = PBXFileReference; lastKnownFileType = file; name = club011.aif; path = "AIFF samples/club011.aif"; sourceTree = "<group>"; };
		14A70ECA1757016300CDB10C /* club012.aif */ = {isa = PBXFileReference; lastKnownFileType = file; name = club012.aif; path = "AIFF samples/club012.aif"; sourceTree = "<group>"; };
		14A70ECB1757016300CDB10C /* club013.aif */ = {isa = PBXFileReference; lastKnownFileType = file; name = club013.aif; path = "AIFF samples/club013.aif"; sourceTree = "<group>"; };
		14A70ECC1757016300CDB10C /* club014.aif */ = {isa = PBXFileReference; lastKnownFileType = file; name = club014.aif; path = "AIFF samples/club014.aif"; sourceTree = "<group>"; };
		14A70ECD1757016300CDB10C /* club015.aif */ = {isa = PBXFileReference; lastKnownFileType = file; name = club015.aif; path = "AIFF samples/club015.aif"; sourceTree = "<group>"; };
		14A70ECE1757016300CDB10C /* club016.aif */ = {isa = PBXFileReference; lastKnownFileType = file; name = club016.aif; path = "AIFF samples/club016.aif"; sourceTree = "<group>"; };
		14A70ECF1757016300CDB10C /* club017.aif */ = {isa = PBXFileReference; lastKnownFileType = file; name = club017.aif; path = "AIFF samples/club017.aif"; sourceTree = "<group>"; };
		14A70ED01757016300CDB10C /* club018.aif */ = {isa = PBXFileReference; lastKnownFileType = file; name = club018.aif; path = "AIFF samples/club018.aif"; sourceTree = "<group>"; };
		14A70ED11757016300CDB10C /* club019.aif */ = {isa = PBXFileReference; lastKnownFileType = file; name = club019.aif; path = "AIFF samples/club019.aif"; sourceTree = "<group>"; };
		14A70ED21757016300CDB10C /* club020.aif */ = {isa = PBXFileReference; lastKnownFileType = file; name = club020.aif; path = "AIFF samples/club020.aif"; sourceTree = "<group>"; };
		14A70ED31757016300CDB10C /* crash08.aif */ = {isa = PBXFileReference; lastKnownFileType = file; name = crash08.aif; path = "AIFF samples/crash08.aif"; sourceTree = "<group>"; };
		14A70ED41757016300CDB10C /* crash10.aif */ = {isa = PBXFileReference; lastKnownFileType = file; name = crash10.aif; path = "AIFF samples/crash10.aif"; sourceTree = "<group>"; };
		14A70ED51757016300CDB10C /* crash26.aif */ = {isa = PBXFileReference; lastKnownFileType = file; name = crash26.aif; path = "AIFF samples/crash26.aif"; sourceTree = "<group>"; };
		14A70ED61757016300CDB10C /* crash30.aif */ = {isa = PBXFileReference; lastKnownFileType = file; name = crash30.aif; path = "AIFF samples/crash30.aif"; sourceTree = "<group>"; };
		14A70ED71757016300CDB10C /* Csharp2.aif */ = {isa = PBXFileReference; lastKnownFileType = file; name = Csharp2.aif; path = "AIFF samples/Csharp2.aif"; sourceTree = "<group>"; };
		14A70ED81757016300CDB10C /* D2.aif */ = {isa = PBXFileReference; lastKnownFileType = file; name = D2.aif; path = "AIFF samples/D2.aif"; sourceTree = "<group>"; };
		14A70ED91757016300CDB10C /* Dsharp2.aif */ = {isa = PBXFileReference; lastKnownFileType = file; name = Dsharp2.aif; path = "AIFF samples/Dsharp2.aif"; sourceTree = "<group>"; };
		14A70EDA1757016300CDB10C /* E2.aif */ = {isa = PBXFileReference; lastKnownFileType = file; name = E2.aif; path = "AIFF samples/E2.aif"; sourceTree = "<group>"; };
		14A70EDB1757016300CDB10C /* F1.aif */ = {isa = PBXFileReference; lastKnownFileType = file; name = F1.aif; path = "AIFF samples/F1.aif"; sourceTree = "<group>"; };
		14A70EDC1757016300CDB10C /* F2.aif */ = {isa = PBXFileReference; lastKnownFileType = file; name = F2.aif; path = "AIFF samples/F2.aif"; sourceTree = "<group>"; };
		14A70EDD1757016300CDB10C /* Fsharp1.aif */ = {isa = PBXFileReference; lastKnownFileType = file; name = Fsharp1.aif; path = "AIFF samples/Fsharp1.aif"; sourceTree = "<group>"; };
		14A70EDE1757016300CDB10C /* G1.aif */ = {isa = PBXFileReference; lastKnownFileType = file; name = G1.aif; path = "AIFF samples/G1.aif"; sourceTree = "<group>"; };
		14A70EDF1757016300CDB10C /* Gsharp1.aif */ = {isa = PBXFileReference; lastKnownFileType = file; name = Gsharp1.aif; path = "AIFF samples/Gsharp1.aif"; sourceTree = "<group>"; };
		14A70EE01757016300CDB10C /* scratch11.aif */ = {isa = PBXFileReference; lastKnownFileType = file; name = scratch11.aif; path = "AIFF samples/scratch11.aif"; sourceTree = "<group>"; };
		14A70EE11757016300CDB10C /* scratch12.aif */ = {isa = PBXFileReference; lastKnownFileType = file; name = scratch12.aif; path = "AIFF samples/scratch12.aif"; sourceTree = "<group>"; };
		14A70EE21757016300CDB10C /* scratch14.aif */ = {isa = PBXFileReference; lastKnownFileType = file; name = scratch14.aif; path = "AIFF samples/scratch14.aif"; sourceTree = "<group>"; };
		14A70EE31757016300CDB10C /* scratch17.aif */ = {isa = PBXFileReference; lastKnownFileType = file; name = scratch17.aif; path = "AIFF samples/scratch17.aif"; sourceTree = "<group>"; };
		14A70EE41757016300CDB10C /* scratch18.aif */ = {isa = PBXFileReference; lastKnownFileType = file; name = scratch18.aif; path = "AIFF samples/scratch18.aif"; sourceTree = "<group>"; };
		14A70EE51757016300CDB10C /* scratch20.aif */ = {isa = PBXFileReference; lastKnownFileType = file; name = scratch20.aif; path = "AIFF samples/scratch20.aif"; sourceTree = "<group>"; };
		14A70EE61757016300CDB10C /* scratch25.aif */ = {isa = PBXFileReference; lastKnownFileType = file; name = scratch25.aif; path = "AIFF samples/scratch25.aif"; sourceTree = "<group>"; };
		14A70EE71757016300CDB10C /* scratch38.aif */ = {isa = PBXFileReference; lastKnownFileType = file; name = scratch38.aif; path = "AIFF samples/scratch38.aif"; sourceTree = "<group>"; };
		14A70EE81757016300CDB10C /* special.aif */ = {isa = PBXFileReference; lastKnownFileType = file; name = special.aif; path = "AIFF samples/special.aif"; sourceTree = "<group>"; };
		14A70EE91757016300CDB10C /* Synth023.aif */ = {isa = PBXFileReference; lastKnownFileType = file; name = Synth023.aif; path = "AIFF samples/Synth023.aif"; sourceTree = "<group>"; };
		14A70EEA1757016300CDB10C /* Synth027.aif */ = {isa = PBXFileReference; lastKnownFileType = file; name = Synth027.aif; path = "AIFF samples/Synth027.aif"; sourceTree = "<group>"; };
		14A70EEB1757016300CDB10C /* Synth030.aif */ = {isa = PBXFileReference; lastKnownFileType = file; name = Synth030.aif; path = "AIFF samples/Synth030.aif"; sourceTree = "<group>"; };
		14A70EEC1757016300CDB10C /* Synth031.aif */ = {isa = PBXFileReference; lastKnownFileType = file; name = Synth031.aif; path = "AIFF samples/Synth031.aif"; sourceTree = "<group>"; };
		14A70EED1757016300CDB10C /* Synth032.aif */ = {isa = PBXFileReference; lastKnownFileType = file; name = Synth032.aif; path = "AIFF samples/Synth032.aif"; sourceTree = "<group>"; };
		14A70EEE1757016300CDB10C /* Synth033.aif */ = {isa = PBXFileReference; lastKnownFileType = file; name = Synth033.aif; path = "AIFF samples/Synth033.aif"; sourceTree = "<group>"; };
		14A70EEF1757016300CDB10C /* Synth034.aif */ = {isa = PBXFileReference; lastKnownFileType = file; name = Synth034.aif; path = "AIFF samples/Synth034.aif"; sourceTree = "<group>"; };
		14A70EF01757016300CDB10C /* Synth035.aif */ = {isa = PBXFileReference; lastKnownFileType = file; name = Synth035.aif; path = "AIFF samples/Synth035.aif"; sourceTree = "<group>"; };
		14A70EF11757016300CDB10C /* Synth036.aif */ = {isa = PBXFileReference; lastKnownFileType = file; name = Synth036.aif; path = "AIFF samples/Synth036.aif"; sourceTree = "<group>"; };
		14A70EF21757016300CDB10C /* synthB.aif */ = {isa = PBXFileReference; lastKnownFileType = file; name = synthB.aif; path = "AIFF samples/synthB.aif"; sourceTree = "<group>"; };
		14A70EF31757016300CDB10C /* synthC.aif */ = {isa = PBXFileReference; lastKnownFileType = file; name = synthC.aif; path = "AIFF samples/synthC.aif"; sourceTree = "<group>"; };
		14A70EF41757016300CDB10C /* synthDsharp.aif */ = {isa = PBXFileReference; lastKnownFileType = file; name = synthDsharp.aif; path = "AIFF samples/synthDsharp.aif"; sourceTree = "<group>"; };
		21297AE417343FC40089BAD8 /* MUS147View.h */ = {isa = PBXFileReference; fileEncoding = 4; lastKnownFileType = sourcecode.c.h; path = MUS147View.h; sourceTree = "<group>"; };
		21297AE517343FC40089BAD8 /* MUS147View.m */ = {isa = PBXFileReference; fileEncoding = 4; lastKnownFileType = sourcecode.c.objc; path = MUS147View.m; sourceTree = "<group>"; };
		212CCF70174E742700F8ADA6 /* CoreLocation.framework */ = {isa = PBXFileReference; lastKnownFileType = wrapper.framework; name = CoreLocation.framework; path = System/Library/Frameworks/CoreLocation.framework; sourceTree = SDKROOT; };
		2149E6AB17357B6F00734894 /* MUS147Effect_Delay.h */ = {isa = PBXFileReference; fileEncoding = 4; lastKnownFileType = sourcecode.c.h; path = MUS147Effect_Delay.h; sourceTree = "<group>"; };
		2149E6AC17357B6F00734894 /* MUS147Effect_Delay.m */ = {isa = PBXFileReference; fileEncoding = 4; lastKnownFileType = sourcecode.c.objc; path = MUS147Effect_Delay.m; sourceTree = "<group>"; };
		2149E6AF17357BD500734894 /* MUS147Effect_Limiter.h */ = {isa = PBXFileReference; fileEncoding = 4; lastKnownFileType = sourcecode.c.h; path = MUS147Effect_Limiter.h; sourceTree = "<group>"; };
		2149E6B017357BD500734894 /* MUS147Effect_Limiter.m */ = {isa = PBXFileReference; fileEncoding = 4; lastKnownFileType = sourcecode.c.objc; path = MUS147Effect_Limiter.m; sourceTree = "<group>"; };
		2158C82C173AF7F300F2263B /* MUS147Voice_BLIT.h */ = {isa = PBXFileReference; fileEncoding = 4; lastKnownFileType = sourcecode.c.h; path = MUS147Voice_BLIT.h; sourceTree = "<group>"; };
		2158C82D173AF7F300F2263B /* MUS147Voice_BLIT.m */ = {isa = PBXFileReference; fileEncoding = 4; lastKnownFileType = sourcecode.c.objc; path = MUS147Voice_BLIT.m; sourceTree = "<group>"; };
		2158C82E173AF7F300F2263B /* MUS147Voice_BLITSaw.h */ = {isa = PBXFileReference; fileEncoding = 4; lastKnownFileType = sourcecode.c.h; path = MUS147Voice_BLITSaw.h; sourceTree = "<group>"; };
		2158C82F173AF7F300F2263B /* MUS147Voice_BLITSaw.m */ = {isa = PBXFileReference; fileEncoding = 4; lastKnownFileType = sourcecode.c.objc; path = MUS147Voice_BLITSaw.m; sourceTree = "<group>"; };
		215C4BF917107CC50095C74C /* AudioToolbox.framework */ = {isa = PBXFileReference; lastKnownFileType = wrapper.framework; name = AudioToolbox.framework; path = System/Library/Frameworks/AudioToolbox.framework; sourceTree = SDKROOT; };
		215C4C0017107E360095C74C /* MUS147AQPlayer.h */ = {isa = PBXFileReference; fileEncoding = 4; lastKnownFileType = sourcecode.c.h; path = MUS147AQPlayer.h; sourceTree = "<group>"; };
		215C4C0117107E360095C74C /* MUS147AQPlayer.m */ = {isa = PBXFileReference; fileEncoding = 4; lastKnownFileType = sourcecode.c.objc; path = MUS147AQPlayer.m; sourceTree = "<group>"; };
		216E863B1747DE5000670512 /* MUS147Event_Note.h */ = {isa = PBXFileReference; fileEncoding = 4; lastKnownFileType = sourcecode.c.h; path = MUS147Event_Note.h; sourceTree = "<group>"; };
		216E863C1747DE5000670512 /* MUS147Event_Note.m */ = {isa = PBXFileReference; fileEncoding = 4; lastKnownFileType = sourcecode.c.objc; path = MUS147Event_Note.m; sourceTree = "<group>"; };
		216E864317480DD600670512 /* MUS147AQRecorder.h */ = {isa = PBXFileReference; fileEncoding = 4; lastKnownFileType = sourcecode.c.h; path = MUS147AQRecorder.h; sourceTree = "<group>"; };
		216E864417480DD600670512 /* MUS147AQRecorder.m */ = {isa = PBXFileReference; fileEncoding = 4; lastKnownFileType = sourcecode.c.objc; path = MUS147AQRecorder.m; sourceTree = "<group>"; };
		216E864617480FAF00670512 /* MUS147AQShared.h */ = {isa = PBXFileReference; fileEncoding = 4; lastKnownFileType = sourcecode.c.h; path = MUS147AQShared.h; sourceTree = "<group>"; };
		216E864B17481A7000670512 /* MUS147Voice_Sample_Mem.h */ = {isa = PBXFileReference; fileEncoding = 4; lastKnownFileType = sourcecode.c.h; path = MUS147Voice_Sample_Mem.h; sourceTree = "<group>"; };
		216E864C17481A7000670512 /* MUS147Voice_Sample_Mem.m */ = {isa = PBXFileReference; fileEncoding = 4; lastKnownFileType = sourcecode.c.objc; path = MUS147Voice_Sample_Mem.m; sourceTree = "<group>"; };
		216E864F17481B3100670512 /* MUS147Voice_Sample_SF.h */ = {isa = PBXFileReference; fileEncoding = 4; lastKnownFileType = sourcecode.c.h; path = MUS147Voice_Sample_SF.h; sourceTree = "<group>"; };
		216E865017481B3200670512 /* MUS147Voice_Sample_SF.m */ = {isa = PBXFileReference; fileEncoding = 4; lastKnownFileType = sourcecode.c.objc; path = MUS147Voice_Sample_SF.m; sourceTree = "<group>"; };
		216E86561749882100670512 /* MUS147Effect_BiQuad.h */ = {isa = PBXFileReference; fileEncoding = 4; lastKnownFileType = sourcecode.c.h; path = MUS147Effect_BiQuad.h; sourceTree = "<group>"; };
		216E86571749882100670512 /* MUS147Effect_BiQuad.m */ = {isa = PBXFileReference; fileEncoding = 4; lastKnownFileType = sourcecode.c.objc; path = MUS147Effect_BiQuad.m; sourceTree = "<group>"; };
		218E9DC3170FDEDA00306268 /* Music147_2013.app */ = {isa = PBXFileReference; explicitFileType = wrapper.application; includeInIndex = 0; path = Music147_2013.app; sourceTree = BUILT_PRODUCTS_DIR; };
		218E9DC7170FDEDA00306268 /* UIKit.framework */ = {isa = PBXFileReference; lastKnownFileType = wrapper.framework; name = UIKit.framework; path = System/Library/Frameworks/UIKit.framework; sourceTree = SDKROOT; };
		218E9DC9170FDEDA00306268 /* Foundation.framework */ = {isa = PBXFileReference; lastKnownFileType = wrapper.framework; name = Foundation.framework; path = System/Library/Frameworks/Foundation.framework; sourceTree = SDKROOT; };
		218E9DCB170FDEDA00306268 /* CoreGraphics.framework */ = {isa = PBXFileReference; lastKnownFileType = wrapper.framework; name = CoreGraphics.framework; path = System/Library/Frameworks/CoreGraphics.framework; sourceTree = SDKROOT; };
		218E9DCF170FDEDA00306268 /* Music147_2013-Info.plist */ = {isa = PBXFileReference; lastKnownFileType = text.plist.xml; path = "Music147_2013-Info.plist"; sourceTree = "<group>"; };
		218E9DD1170FDEDA00306268 /* en */ = {isa = PBXFileReference; lastKnownFileType = text.plist.strings; name = en; path = en.lproj/InfoPlist.strings; sourceTree = "<group>"; };
		218E9DD3170FDEDA00306268 /* main.m */ = {isa = PBXFileReference; lastKnownFileType = sourcecode.c.objc; path = main.m; sourceTree = "<group>"; };
		218E9DD5170FDEDA00306268 /* Music147_2013-Prefix.pch */ = {isa = PBXFileReference; lastKnownFileType = sourcecode.c.h; path = "Music147_2013-Prefix.pch"; sourceTree = "<group>"; };
		218E9DD6170FDEDA00306268 /* MUS147AppDelegate.h */ = {isa = PBXFileReference; lastKnownFileType = sourcecode.c.h; path = MUS147AppDelegate.h; sourceTree = "<group>"; };
		218E9DD7170FDEDA00306268 /* MUS147AppDelegate.m */ = {isa = PBXFileReference; lastKnownFileType = sourcecode.c.objc; path = MUS147AppDelegate.m; sourceTree = "<group>"; };
		218E9DD9170FDEDA00306268 /* Default.png */ = {isa = PBXFileReference; lastKnownFileType = image.png; path = Default.png; sourceTree = "<group>"; };
		218E9DDB170FDEDA00306268 /* Default@2x.png */ = {isa = PBXFileReference; lastKnownFileType = image.png; path = "Default@2x.png"; sourceTree = "<group>"; };
		218E9DDD170FDEDA00306268 /* Default-568h@2x.png */ = {isa = PBXFileReference; lastKnownFileType = image.png; path = "Default-568h@2x.png"; sourceTree = "<group>"; };
		218E9DDF170FDEDA00306268 /* MUS147ViewController.h */ = {isa = PBXFileReference; lastKnownFileType = sourcecode.c.h; path = MUS147ViewController.h; sourceTree = "<group>"; };
		218E9DE0170FDEDA00306268 /* MUS147ViewController.m */ = {isa = PBXFileReference; lastKnownFileType = sourcecode.c.objc; path = MUS147ViewController.m; sourceTree = "<group>"; };
		218E9DE3170FDEDA00306268 /* en */ = {isa = PBXFileReference; lastKnownFileType = file.xib; name = en; path = en.lproj/MUS147ViewController.xib; sourceTree = "<group>"; };
		2196FF021754FFE50017BC48 /* MUS147Envelope.h */ = {isa = PBXFileReference; fileEncoding = 4; lastKnownFileType = sourcecode.c.h; path = MUS147Envelope.h; sourceTree = "<group>"; };
		2196FF031754FFE50017BC48 /* MUS147Envelope.m */ = {isa = PBXFileReference; fileEncoding = 4; lastKnownFileType = sourcecode.c.objc; path = MUS147Envelope.m; sourceTree = "<group>"; };
		219D448717344C7000A6A28F /* MUS147Effect.h */ = {isa = PBXFileReference; fileEncoding = 4; lastKnownFileType = sourcecode.c.h; path = MUS147Effect.h; sourceTree = "<group>"; };
		219D448817344C7000A6A28F /* MUS147Effect.m */ = {isa = PBXFileReference; fileEncoding = 4; lastKnownFileType = sourcecode.c.objc; path = MUS147Effect.m; sourceTree = "<group>"; };
		21BD98DB172B0D6D00BFFBA6 /* MUS147Voice.h */ = {isa = PBXFileReference; fileEncoding = 4; lastKnownFileType = sourcecode.c.h; path = MUS147Voice.h; sourceTree = "<group>"; };
		21BD98DC172B0D6D00BFFBA6 /* MUS147Voice.m */ = {isa = PBXFileReference; fileEncoding = 4; lastKnownFileType = sourcecode.c.objc; path = MUS147Voice.m; sourceTree = "<group>"; };
		21BD98DF172B1DA000BFFBA6 /* MUS147Voice_Synth.h */ = {isa = PBXFileReference; fileEncoding = 4; lastKnownFileType = sourcecode.c.h; path = MUS147Voice_Synth.h; sourceTree = "<group>"; };
		21BD98E0172B1DA000BFFBA6 /* MUS147Voice_Synth.m */ = {isa = PBXFileReference; fileEncoding = 4; lastKnownFileType = sourcecode.c.objc; path = MUS147Voice_Synth.m; sourceTree = "<group>"; };
		21BD98E2172B1F2600BFFBA6 /* MUS147Voice_Sample.h */ = {isa = PBXFileReference; fileEncoding = 4; lastKnownFileType = sourcecode.c.h; path = MUS147Voice_Sample.h; sourceTree = "<group>"; };
		21BD98E3172B1F2600BFFBA6 /* MUS147Voice_Sample.m */ = {isa = PBXFileReference; fileEncoding = 4; lastKnownFileType = sourcecode.c.objc; path = MUS147Voice_Sample.m; sourceTree = "<group>"; };
		21BD98E4172B1F2600BFFBA6 /* Music147.aif */ = {isa = PBXFileReference; lastKnownFileType = file; path = Music147.aif; sourceTree = "<group>"; };
		21C078F71746AF8800FBB7BA /* MUS147Event_Touch.h */ = {isa = PBXFileReference; fileEncoding = 4; lastKnownFileType = sourcecode.c.h; path = MUS147Event_Touch.h; sourceTree = "<group>"; };
		21C078F81746AF8800FBB7BA /* MUS147Event_Touch.m */ = {isa = PBXFileReference; fileEncoding = 4; lastKnownFileType = sourcecode.c.objc; path = MUS147Event_Touch.m; sourceTree = "<group>"; };
		E9B92E2F173B22B10014404F /* MUS147Event.h */ = {isa = PBXFileReference; fileEncoding = 4; lastKnownFileType = sourcecode.c.h; path = MUS147Event.h; sourceTree = "<group>"; };
		E9B92E30173B22B10014404F /* MUS147Event.m */ = {isa = PBXFileReference; fileEncoding = 4; lastKnownFileType = sourcecode.c.objc; path = MUS147Event.m; sourceTree = "<group>"; };
		E9B92E31173B22B10014404F /* MUS147Sequence.h */ = {isa = PBXFileReference; fileEncoding = 4; lastKnownFileType = sourcecode.c.h; path = MUS147Sequence.h; sourceTree = "<group>"; };
		E9B92E32173B22B10014404F /* MUS147Sequence.m */ = {isa = PBXFileReference; fileEncoding = 4; lastKnownFileType = sourcecode.c.objc; path = MUS147Sequence.m; sourceTree = "<group>"; };
		E9B92E33173B22B10014404F /* MUS147Sequencer.h */ = {isa = PBXFileReference; fileEncoding = 4; lastKnownFileType = sourcecode.c.h; path = MUS147Sequencer.h; sourceTree = "<group>"; };
		E9B92E34173B22B10014404F /* MUS147Sequencer.m */ = {isa = PBXFileReference; fileEncoding = 4; lastKnownFileType = sourcecode.c.objc; path = MUS147Sequencer.m; sourceTree = "<group>"; };
/* End PBXFileReference section */

/* Begin PBXFrameworksBuildPhase section */
		218E9DC0170FDEDA00306268 /* Frameworks */ = {
			isa = PBXFrameworksBuildPhase;
			buildActionMask = 2147483647;
			files = (
				212CCF71174E742700F8ADA6 /* CoreLocation.framework in Frameworks */,
				215C4BFA17107CC50095C74C /* AudioToolbox.framework in Frameworks */,
				218E9DC8170FDEDA00306268 /* UIKit.framework in Frameworks */,
				218E9DCA170FDEDA00306268 /* Foundation.framework in Frameworks */,
				218E9DCC170FDEDA00306268 /* CoreGraphics.framework in Frameworks */,
			);
			runOnlyForDeploymentPostprocessing = 0;
		};
/* End PBXFrameworksBuildPhase section */

/* Begin PBXGroup section */
		218E9DB8170FDEDA00306268 = {
			isa = PBXGroup;
			children = (
				218E9DCD170FDEDA00306268 /* Music147_2013 */,
				218E9DC6170FDEDA00306268 /* Frameworks */,
				218E9DC4170FDEDA00306268 /* Products */,
			);
			sourceTree = "<group>";
		};
		218E9DC4170FDEDA00306268 /* Products */ = {
			isa = PBXGroup;
			children = (
				218E9DC3170FDEDA00306268 /* Music147_2013.app */,
			);
			name = Products;
			sourceTree = "<group>";
		};
		218E9DC6170FDEDA00306268 /* Frameworks */ = {
			isa = PBXGroup;
			children = (
				212CCF70174E742700F8ADA6 /* CoreLocation.framework */,
				215C4BF917107CC50095C74C /* AudioToolbox.framework */,
				218E9DC7170FDEDA00306268 /* UIKit.framework */,
				218E9DC9170FDEDA00306268 /* Foundation.framework */,
				218E9DCB170FDEDA00306268 /* CoreGraphics.framework */,
			);
			name = Frameworks;
			sourceTree = "<group>";
		};
		218E9DCD170FDEDA00306268 /* Music147_2013 */ = {
			isa = PBXGroup;
			children = (
				215C4C0017107E360095C74C /* MUS147AQPlayer.h */,
				215C4C0117107E360095C74C /* MUS147AQPlayer.m */,
				216E864317480DD600670512 /* MUS147AQRecorder.h */,
				216E864417480DD600670512 /* MUS147AQRecorder.m */,
				216E864617480FAF00670512 /* MUS147AQShared.h */,
				218E9DD6170FDEDA00306268 /* MUS147AppDelegate.h */,
				218E9DD7170FDEDA00306268 /* MUS147AppDelegate.m */,
				219D448717344C7000A6A28F /* MUS147Effect.h */,
				219D448817344C7000A6A28F /* MUS147Effect.m */,
				216E86561749882100670512 /* MUS147Effect_BiQuad.h */,
				216E86571749882100670512 /* MUS147Effect_BiQuad.m */,
				2149E6AB17357B6F00734894 /* MUS147Effect_Delay.h */,
				2149E6AC17357B6F00734894 /* MUS147Effect_Delay.m */,
				2149E6AF17357BD500734894 /* MUS147Effect_Limiter.h */,
				2149E6B017357BD500734894 /* MUS147Effect_Limiter.m */,
				2196FF021754FFE50017BC48 /* MUS147Envelope.h */,
				2196FF031754FFE50017BC48 /* MUS147Envelope.m */,
				E9B92E2F173B22B10014404F /* MUS147Event.h */,
				E9B92E30173B22B10014404F /* MUS147Event.m */,
				216E863B1747DE5000670512 /* MUS147Event_Note.h */,
				216E863C1747DE5000670512 /* MUS147Event_Note.m */,
				21C078F71746AF8800FBB7BA /* MUS147Event_Touch.h */,
				21C078F81746AF8800FBB7BA /* MUS147Event_Touch.m */,
				E9B92E31173B22B10014404F /* MUS147Sequence.h */,
				E9B92E32173B22B10014404F /* MUS147Sequence.m */,
				E9B92E33173B22B10014404F /* MUS147Sequencer.h */,
				E9B92E34173B22B10014404F /* MUS147Sequencer.m */,
				21297AE417343FC40089BAD8 /* MUS147View.h */,
				21297AE517343FC40089BAD8 /* MUS147View.m */,
				218E9DDF170FDEDA00306268 /* MUS147ViewController.h */,
				218E9DE0170FDEDA00306268 /* MUS147ViewController.m */,
				218E9DE2170FDEDA00306268 /* MUS147ViewController.xib */,
				21BD98DB172B0D6D00BFFBA6 /* MUS147Voice.h */,
				21BD98DC172B0D6D00BFFBA6 /* MUS147Voice.m */,
				2158C82C173AF7F300F2263B /* MUS147Voice_BLIT.h */,
				2158C82D173AF7F300F2263B /* MUS147Voice_BLIT.m */,
				2158C82E173AF7F300F2263B /* MUS147Voice_BLITSaw.h */,
				2158C82F173AF7F300F2263B /* MUS147Voice_BLITSaw.m */,
				21BD98E2172B1F2600BFFBA6 /* MUS147Voice_Sample.h */,
				21BD98E3172B1F2600BFFBA6 /* MUS147Voice_Sample.m */,
				216E864B17481A7000670512 /* MUS147Voice_Sample_Mem.h */,
				216E864C17481A7000670512 /* MUS147Voice_Sample_Mem.m */,
				216E864F17481B3100670512 /* MUS147Voice_Sample_SF.h */,
				216E865017481B3200670512 /* MUS147Voice_Sample_SF.m */,
				21BD98DF172B1DA000BFFBA6 /* MUS147Voice_Synth.h */,
				21BD98E0172B1DA000BFFBA6 /* MUS147Voice_Synth.m */,
				218E9DCE170FDEDA00306268 /* Supporting Files */,
			);
			path = Music147_2013;
			sourceTree = "<group>";
		};
		218E9DCE170FDEDA00306268 /* Supporting Files */ = {
			isa = PBXGroup;
			children = (
				21BD98E4172B1F2600BFFBA6 /* Music147.aif */,
				14A70E9E1757016300CDB10C /* A1.aif */,
				14A70E9F1757016300CDB10C /* alarm01.aif */,
				14A70EA01757016300CDB10C /* alarm06.aif */,
				14A70EA11757016300CDB10C /* alarm12.aif */,
				14A70EA21757016300CDB10C /* alarm13.aif */,
				14A70EA31757016300CDB10C /* alarm14.aif */,
				14A70EA41757016300CDB10C /* alarm23.aif */,
				14A70EA51757016300CDB10C /* alarm24.aif */,
				14A70EA61757016300CDB10C /* alarm27.aif */,
				14A70EA71757016300CDB10C /* Asharp1.aif */,
				14A70EA81757016300CDB10C /* AttackNoize.aif */,
				14A70EA91757016300CDB10C /* B1.aif */,
				14A70EAA1757016300CDB10C /* beat21.aif */,
				14A70EAB1757016300CDB10C /* beat22.aif */,
				14A70EAC1757016300CDB10C /* beat23.aif */,
				14A70EAD1757016300CDB10C /* beat24.aif */,
				14A70EAE1757016300CDB10C /* beat25.aif */,
				14A70EAF1757016300CDB10C /* beat26.aif */,
				14A70EB01757016300CDB10C /* beat27.aif */,
				14A70EB11757016300CDB10C /* beat28.aif */,
				14A70EB21757016300CDB10C /* beat29.aif */,
				14A70EB31757016300CDB10C /* beat30.aif */,
				14A70EB41757016300CDB10C /* beat31.aif */,
				14A70EB51757016300CDB10C /* beat32.aif */,
				14A70EB61757016300CDB10C /* beat33.aif */,
				14A70EB71757016300CDB10C /* beat34.aif */,
				14A70EB81757016300CDB10C /* beat35.aif */,
				14A70EB91757016300CDB10C /* beat36.aif */,
				14A70EBA1757016300CDB10C /* beat37.aif */,
				14A70EBB1757016300CDB10C /* beat38.aif */,
				14A70EBC1757016300CDB10C /* beat39.aif */,
				14A70EBD1757016300CDB10C /* beat40.aif */,
				14A70EBE1757016300CDB10C /* C2.aif */,
				14A70EBF1757016300CDB10C /* club001.aif */,
				14A70EC01757016300CDB10C /* club002.aif */,
				14A70EC11757016300CDB10C /* club003.aif */,
				14A70EC21757016300CDB10C /* club004.aif */,
				14A70EC31757016300CDB10C /* club005.aif */,
				14A70EC41757016300CDB10C /* club006.aif */,
				14A70EC51757016300CDB10C /* club007.aif */,
				14A70EC61757016300CDB10C /* club008.aif */,
				14A70EC71757016300CDB10C /* club009.aif */,
				14A70EC81757016300CDB10C /* club010.aif */,
				14A70EC91757016300CDB10C /* club011.aif */,
				14A70ECA1757016300CDB10C /* club012.aif */,
				14A70ECB1757016300CDB10C /* club013.aif */,
				14A70ECC1757016300CDB10C /* club014.aif */,
				14A70ECD1757016300CDB10C /* club015.aif */,
				14A70ECE1757016300CDB10C /* club016.aif */,
				14A70ECF1757016300CDB10C /* club017.aif */,
				14A70ED01757016300CDB10C /* club018.aif */,
				14A70ED11757016300CDB10C /* club019.aif */,
				14A70ED21757016300CDB10C /* club020.aif */,
				14A70ED31757016300CDB10C /* crash08.aif */,
				14A70ED41757016300CDB10C /* crash10.aif */,
				14A70ED51757016300CDB10C /* crash26.aif */,
				14A70ED61757016300CDB10C /* crash30.aif */,
				14A70ED71757016300CDB10C /* Csharp2.aif */,
				14A70ED81757016300CDB10C /* D2.aif */,
				14A70ED91757016300CDB10C /* Dsharp2.aif */,
				14A70EDA1757016300CDB10C /* E2.aif */,
				14A70EDB1757016300CDB10C /* F1.aif */,
				14A70EDC1757016300CDB10C /* F2.aif */,
				14A70EDD1757016300CDB10C /* Fsharp1.aif */,
				14A70EDE1757016300CDB10C /* G1.aif */,
				14A70EDF1757016300CDB10C /* Gsharp1.aif */,
				14A70EE01757016300CDB10C /* scratch11.aif */,
				14A70EE11757016300CDB10C /* scratch12.aif */,
				14A70EE21757016300CDB10C /* scratch14.aif */,
				14A70EE31757016300CDB10C /* scratch17.aif */,
				14A70EE41757016300CDB10C /* scratch18.aif */,
				14A70EE51757016300CDB10C /* scratch20.aif */,
				14A70EE61757016300CDB10C /* scratch25.aif */,
				14A70EE71757016300CDB10C /* scratch38.aif */,
				14A70EE81757016300CDB10C /* special.aif */,
				14A70EE91757016300CDB10C /* Synth023.aif */,
				14A70EEA1757016300CDB10C /* Synth027.aif */,
				14A70EEB1757016300CDB10C /* Synth030.aif */,
				14A70EEC1757016300CDB10C /* Synth031.aif */,
				14A70EED1757016300CDB10C /* Synth032.aif */,
				14A70EEE1757016300CDB10C /* Synth033.aif */,
				14A70EEF1757016300CDB10C /* Synth034.aif */,
				14A70EF01757016300CDB10C /* Synth035.aif */,
				14A70EF11757016300CDB10C /* Synth036.aif */,
				14A70EF21757016300CDB10C /* synthB.aif */,
				14A70EF31757016300CDB10C /* synthC.aif */,
				14A70EF41757016300CDB10C /* synthDsharp.aif */,
				218E9DCF170FDEDA00306268 /* Music147_2013-Info.plist */,
				218E9DD0170FDEDA00306268 /* InfoPlist.strings */,
				218E9DD3170FDEDA00306268 /* main.m */,
				218E9DD5170FDEDA00306268 /* Music147_2013-Prefix.pch */,
				218E9DD9170FDEDA00306268 /* Default.png */,
				218E9DDB170FDEDA00306268 /* Default@2x.png */,
				218E9DDD170FDEDA00306268 /* Default-568h@2x.png */,
			);
			name = "Supporting Files";
			sourceTree = "<group>";
		};
/* End PBXGroup section */

/* Begin PBXNativeTarget section */
		218E9DC2170FDEDA00306268 /* Music147_2013 */ = {
			isa = PBXNativeTarget;
			buildConfigurationList = 218E9DE7170FDEDA00306268 /* Build configuration list for PBXNativeTarget "Music147_2013" */;
			buildPhases = (
				218E9DBF170FDEDA00306268 /* Sources */,
				218E9DC0170FDEDA00306268 /* Frameworks */,
				218E9DC1170FDEDA00306268 /* Resources */,
			);
			buildRules = (
			);
			dependencies = (
			);
			name = Music147_2013;
			productName = Music147_2013;
			productReference = 218E9DC3170FDEDA00306268 /* Music147_2013.app */;
			productType = "com.apple.product-type.application";
		};
/* End PBXNativeTarget section */

/* Begin PBXProject section */
		218E9DBA170FDEDA00306268 /* Project object */ = {
			isa = PBXProject;
			attributes = {
				CLASSPREFIX = MUS147;
				LastUpgradeCheck = 0450;
				ORGANIZATIONNAME = "Kojiro Umezaki";
			};
			buildConfigurationList = 218E9DBD170FDEDA00306268 /* Build configuration list for PBXProject "Music147_2013" */;
			compatibilityVersion = "Xcode 3.2";
			developmentRegion = English;
			hasScannedForEncodings = 0;
			knownRegions = (
				en,
			);
			mainGroup = 218E9DB8170FDEDA00306268;
			productRefGroup = 218E9DC4170FDEDA00306268 /* Products */;
			projectDirPath = "";
			projectRoot = "";
			targets = (
				218E9DC2170FDEDA00306268 /* Music147_2013 */,
			);
		};
/* End PBXProject section */

/* Begin PBXResourcesBuildPhase section */
		218E9DC1170FDEDA00306268 /* Resources */ = {
			isa = PBXResourcesBuildPhase;
			buildActionMask = 2147483647;
			files = (
				218E9DD2170FDEDA00306268 /* InfoPlist.strings in Resources */,
				218E9DDA170FDEDA00306268 /* Default.png in Resources */,
				218E9DDC170FDEDA00306268 /* Default@2x.png in Resources */,
				218E9DDE170FDEDA00306268 /* Default-568h@2x.png in Resources */,
				218E9DE4170FDEDA00306268 /* MUS147ViewController.xib in Resources */,
				21BD98E6172B1F2700BFFBA6 /* Music147.aif in Resources */,
				14A70EF51757016300CDB10C /* A1.aif in Resources */,
				14A70EF61757016300CDB10C /* alarm01.aif in Resources */,
				14A70EF71757016300CDB10C /* alarm06.aif in Resources */,
				14A70EF81757016300CDB10C /* alarm12.aif in Resources */,
				14A70EF91757016300CDB10C /* alarm13.aif in Resources */,
				14A70EFA1757016300CDB10C /* alarm14.aif in Resources */,
				14A70EFB1757016300CDB10C /* alarm23.aif in Resources */,
				14A70EFC1757016300CDB10C /* alarm24.aif in Resources */,
				14A70EFD1757016300CDB10C /* alarm27.aif in Resources */,
				14A70EFE1757016300CDB10C /* Asharp1.aif in Resources */,
				14A70EFF1757016300CDB10C /* AttackNoize.aif in Resources */,
				14A70F001757016300CDB10C /* B1.aif in Resources */,
				14A70F011757016300CDB10C /* beat21.aif in Resources */,
				14A70F021757016300CDB10C /* beat22.aif in Resources */,
				14A70F031757016300CDB10C /* beat23.aif in Resources */,
				14A70F041757016300CDB10C /* beat24.aif in Resources */,
				14A70F051757016300CDB10C /* beat25.aif in Resources */,
				14A70F061757016300CDB10C /* beat26.aif in Resources */,
				14A70F071757016300CDB10C /* beat27.aif in Resources */,
				14A70F081757016300CDB10C /* beat28.aif in Resources */,
				14A70F091757016300CDB10C /* beat29.aif in Resources */,
				14A70F0A1757016300CDB10C /* beat30.aif in Resources */,
				14A70F0B1757016300CDB10C /* beat31.aif in Resources */,
				14A70F0C1757016300CDB10C /* beat32.aif in Resources */,
				14A70F0D1757016300CDB10C /* beat33.aif in Resources */,
				14A70F0E1757016300CDB10C /* beat34.aif in Resources */,
				14A70F0F1757016300CDB10C /* beat35.aif in Resources */,
				14A70F101757016300CDB10C /* beat36.aif in Resources */,
				14A70F111757016300CDB10C /* beat37.aif in Resources */,
				14A70F121757016300CDB10C /* beat38.aif in Resources */,
				14A70F131757016300CDB10C /* beat39.aif in Resources */,
				14A70F141757016300CDB10C /* beat40.aif in Resources */,
				14A70F151757016300CDB10C /* C2.aif in Resources */,
				14A70F161757016300CDB10C /* club001.aif in Resources */,
				14A70F171757016300CDB10C /* club002.aif in Resources */,
				14A70F181757016300CDB10C /* club003.aif in Resources */,
				14A70F191757016300CDB10C /* club004.aif in Resources */,
				14A70F1A1757016300CDB10C /* club005.aif in Resources */,
				14A70F1B1757016300CDB10C /* club006.aif in Resources */,
				14A70F1C1757016300CDB10C /* club007.aif in Resources */,
				14A70F1D1757016300CDB10C /* club008.aif in Resources */,
				14A70F1E1757016300CDB10C /* club009.aif in Resources */,
				14A70F1F1757016300CDB10C /* club010.aif in Resources */,
				14A70F201757016300CDB10C /* club011.aif in Resources */,
				14A70F211757016300CDB10C /* club012.aif in Resources */,
				14A70F221757016300CDB10C /* club013.aif in Resources */,
				14A70F231757016300CDB10C /* club014.aif in Resources */,
				14A70F241757016300CDB10C /* club015.aif in Resources */,
				14A70F251757016300CDB10C /* club016.aif in Resources */,
				14A70F261757016300CDB10C /* club017.aif in Resources */,
				14A70F271757016300CDB10C /* club018.aif in Resources */,
				14A70F281757016300CDB10C /* club019.aif in Resources */,
				14A70F291757016300CDB10C /* club020.aif in Resources */,
				14A70F2A1757016300CDB10C /* crash08.aif in Resources */,
				14A70F2B1757016300CDB10C /* crash10.aif in Resources */,
				14A70F2C1757016300CDB10C /* crash26.aif in Resources */,
				14A70F2D1757016300CDB10C /* crash30.aif in Resources */,
				14A70F2E1757016300CDB10C /* Csharp2.aif in Resources */,
				14A70F2F1757016300CDB10C /* D2.aif in Resources */,
				14A70F301757016300CDB10C /* Dsharp2.aif in Resources */,
				14A70F311757016300CDB10C /* E2.aif in Resources */,
				14A70F321757016300CDB10C /* F1.aif in Resources */,
				14A70F331757016300CDB10C /* F2.aif in Resources */,
				14A70F341757016300CDB10C /* Fsharp1.aif in Resources */,
				14A70F351757016300CDB10C /* G1.aif in Resources */,
				14A70F361757016300CDB10C /* Gsharp1.aif in Resources */,
				14A70F371757016300CDB10C /* scratch11.aif in Resources */,
				14A70F381757016300CDB10C /* scratch12.aif in Resources */,
				14A70F391757016300CDB10C /* scratch14.aif in Resources */,
				14A70F3A1757016300CDB10C /* scratch17.aif in Resources */,
				14A70F3B1757016300CDB10C /* scratch18.aif in Resources */,
				14A70F3C1757016300CDB10C /* scratch20.aif in Resources */,
				14A70F3D1757016300CDB10C /* scratch25.aif in Resources */,
				14A70F3E1757016300CDB10C /* scratch38.aif in Resources */,
				14A70F3F1757016300CDB10C /* special.aif in Resources */,
				14A70F401757016300CDB10C /* Synth023.aif in Resources */,
				14A70F411757016300CDB10C /* Synth027.aif in Resources */,
				14A70F421757016300CDB10C /* Synth030.aif in Resources */,
				14A70F431757016300CDB10C /* Synth031.aif in Resources */,
				14A70F441757016300CDB10C /* Synth032.aif in Resources */,
				14A70F451757016300CDB10C /* Synth033.aif in Resources */,
				14A70F461757016300CDB10C /* Synth034.aif in Resources */,
				14A70F471757016300CDB10C /* Synth035.aif in Resources */,
				14A70F481757016300CDB10C /* Synth036.aif in Resources */,
				14A70F491757016300CDB10C /* synthB.aif in Resources */,
				14A70F4A1757016300CDB10C /* synthC.aif in Resources */,
				14A70F4B1757016300CDB10C /* synthDsharp.aif in Resources */,
			);
			runOnlyForDeploymentPostprocessing = 0;
		};
/* End PBXResourcesBuildPhase section */

/* Begin PBXSourcesBuildPhase section */
		218E9DBF170FDEDA00306268 /* Sources */ = {
			isa = PBXSourcesBuildPhase;
			buildActionMask = 2147483647;
			files = (
				218E9DD4170FDEDA00306268 /* main.m in Sources */,
				218E9DD8170FDEDA00306268 /* MUS147AppDelegate.m in Sources */,
				218E9DE1170FDEDA00306268 /* MUS147ViewController.m in Sources */,
				215C4C0217107E360095C74C /* MUS147AQPlayer.m in Sources */,
				21BD98DD172B0D6D00BFFBA6 /* MUS147Voice.m in Sources */,
				21BD98E1172B1DA000BFFBA6 /* MUS147Voice_Synth.m in Sources */,
				21BD98E5172B1F2700BFFBA6 /* MUS147Voice_Sample.m in Sources */,
				21297AE617343FC40089BAD8 /* MUS147View.m in Sources */,
				219D448917344C7000A6A28F /* MUS147Effect.m in Sources */,
				2149E6AD17357B6F00734894 /* MUS147Effect_Delay.m in Sources */,
				2149E6B117357BD500734894 /* MUS147Effect_Limiter.m in Sources */,
				2158C830173AF7F300F2263B /* MUS147Voice_BLIT.m in Sources */,
				2158C831173AF7F300F2263B /* MUS147Voice_BLITSaw.m in Sources */,
				E9B92E35173B22B10014404F /* MUS147Event.m in Sources */,
				E9B92E36173B22B10014404F /* MUS147Sequence.m in Sources */,
				E9B92E37173B22B10014404F /* MUS147Sequencer.m in Sources */,
				21C078F91746AF8800FBB7BA /* MUS147Event_Touch.m in Sources */,
				216E863D1747DE5000670512 /* MUS147Event_Note.m in Sources */,
				216E864517480DD600670512 /* MUS147AQRecorder.m in Sources */,
				216E864D17481A7000670512 /* MUS147Voice_Sample_Mem.m in Sources */,
				216E865117481B3200670512 /* MUS147Voice_Sample_SF.m in Sources */,
				216E86581749882100670512 /* MUS147Effect_BiQuad.m in Sources */,
				2196FF041754FFE50017BC48 /* MUS147Envelope.m in Sources */,
			);
			runOnlyForDeploymentPostprocessing = 0;
		};
/* End PBXSourcesBuildPhase section */

/* Begin PBXVariantGroup section */
		218E9DD0170FDEDA00306268 /* InfoPlist.strings */ = {
			isa = PBXVariantGroup;
			children = (
				218E9DD1170FDEDA00306268 /* en */,
			);
			name = InfoPlist.strings;
			sourceTree = "<group>";
		};
		218E9DE2170FDEDA00306268 /* MUS147ViewController.xib */ = {
			isa = PBXVariantGroup;
			children = (
				218E9DE3170FDEDA00306268 /* en */,
			);
			name = MUS147ViewController.xib;
			sourceTree = "<group>";
		};
/* End PBXVariantGroup section */

/* Begin XCBuildConfiguration section */
		218E9DE5170FDEDA00306268 /* Debug */ = {
			isa = XCBuildConfiguration;
			buildSettings = {
				ALWAYS_SEARCH_USER_PATHS = NO;
				CLANG_CXX_LANGUAGE_STANDARD = "gnu++0x";
				CLANG_CXX_LIBRARY = "libc++";
				CLANG_ENABLE_OBJC_ARC = YES;
				CLANG_WARN_EMPTY_BODY = YES;
				CLANG_WARN__DUPLICATE_METHOD_MATCH = YES;
				"CODE_SIGN_IDENTITY[sdk=iphoneos*]" = "iPhone Developer";
				COPY_PHASE_STRIP = NO;
				GCC_C_LANGUAGE_STANDARD = gnu99;
				GCC_DYNAMIC_NO_PIC = NO;
				GCC_OPTIMIZATION_LEVEL = 0;
				GCC_PREPROCESSOR_DEFINITIONS = (
					"DEBUG=1",
					"$(inherited)",
				);
				GCC_SYMBOLS_PRIVATE_EXTERN = NO;
				GCC_WARN_ABOUT_RETURN_TYPE = YES;
				GCC_WARN_UNINITIALIZED_AUTOS = YES;
				GCC_WARN_UNUSED_VARIABLE = YES;
				IPHONEOS_DEPLOYMENT_TARGET = 6.0;
				ONLY_ACTIVE_ARCH = YES;
				SDKROOT = iphoneos;
			};
			name = Debug;
		};
		218E9DE6170FDEDA00306268 /* Release */ = {
			isa = XCBuildConfiguration;
			buildSettings = {
				ALWAYS_SEARCH_USER_PATHS = NO;
				CLANG_CXX_LANGUAGE_STANDARD = "gnu++0x";
				CLANG_CXX_LIBRARY = "libc++";
				CLANG_ENABLE_OBJC_ARC = YES;
				CLANG_WARN_EMPTY_BODY = YES;
				CLANG_WARN__DUPLICATE_METHOD_MATCH = YES;
				"CODE_SIGN_IDENTITY[sdk=iphoneos*]" = "iPhone Developer";
				COPY_PHASE_STRIP = YES;
				GCC_C_LANGUAGE_STANDARD = gnu99;
				GCC_WARN_ABOUT_RETURN_TYPE = YES;
				GCC_WARN_UNINITIALIZED_AUTOS = YES;
				GCC_WARN_UNUSED_VARIABLE = YES;
				IPHONEOS_DEPLOYMENT_TARGET = 6.0;
				OTHER_CFLAGS = "-DNS_BLOCK_ASSERTIONS=1";
				SDKROOT = iphoneos;
				VALIDATE_PRODUCT = YES;
			};
			name = Release;
		};
		218E9DE8170FDEDA00306268 /* Debug */ = {
			isa = XCBuildConfiguration;
			buildSettings = {
				ARCHS = (
					armv6,
					armv7,
				);
				GCC_PRECOMPILE_PREFIX_HEADER = YES;
				GCC_PREFIX_HEADER = "Music147_2013/Music147_2013-Prefix.pch";
				INFOPLIST_FILE = "Music147_2013/Music147_2013-Info.plist";
				IPHONEOS_DEPLOYMENT_TARGET = 4.2;
				PRODUCT_NAME = "$(TARGET_NAME)";
				WRAPPER_EXTENSION = app;
			};
			name = Debug;
		};
		218E9DE9170FDEDA00306268 /* Release */ = {
			isa = XCBuildConfiguration;
			buildSettings = {
				ARCHS = (
					armv6,
					armv7,
				);
				GCC_PRECOMPILE_PREFIX_HEADER = YES;
				GCC_PREFIX_HEADER = "Music147_2013/Music147_2013-Prefix.pch";
				INFOPLIST_FILE = "Music147_2013/Music147_2013-Info.plist";
				IPHONEOS_DEPLOYMENT_TARGET = 4.2;
				PRODUCT_NAME = "$(TARGET_NAME)";
				WRAPPER_EXTENSION = app;
			};
			name = Release;
		};
/* End XCBuildConfiguration section */

/* Begin XCConfigurationList section */
		218E9DBD170FDEDA00306268 /* Build configuration list for PBXProject "Music147_2013" */ = {
			isa = XCConfigurationList;
			buildConfigurations = (
				218E9DE5170FDEDA00306268 /* Debug */,
				218E9DE6170FDEDA00306268 /* Release */,
			);
			defaultConfigurationIsVisible = 0;
			defaultConfigurationName = Release;
		};
		218E9DE7170FDEDA00306268 /* Build configuration list for PBXNativeTarget "Music147_2013" */ = {
			isa = XCConfigurationList;
			buildConfigurations = (
				218E9DE8170FDEDA00306268 /* Debug */,
				218E9DE9170FDEDA00306268 /* Release */,
			);
			defaultConfigurationIsVisible = 0;
			defaultConfigurationName = Release;
		};
/* End XCConfigurationList section */
	};
	rootObject = 218E9DBA170FDEDA00306268 /* Project object */;
}
